
Microsoft Visual Studio Solution File, Format Version 12.00
# Visual Studio Version 16
VisualStudioVersion = 16.0.31729.503
MinimumVisualStudioVersion = 10.0.40219.1
Project("{FAE04EC0-301F-11D3-BF4B-00C04F79EFBC}") = "Laboratorio10", "Laboratorio10\Laboratorio10.csproj", "{F13C0BB1-C4B4-4761-8759-814DC7E5EF77}"
EndProject
Global
	GlobalSection(SolutionConfigurationPlatforms) = preSolution
		Debug|Any CPU = Debug|Any CPU
		Release|Any CPU = Release|Any CPU
	EndGlobalSection
	GlobalSection(ProjectConfigurationPlatforms) = postSolution
		{F13C0BB1-C4B4-4761-8759-814DC7E5EF77}.Debug|Any CPU.ActiveCfg = Debug|Any CPU
		{F13C0BB1-C4B4-4761-8759-814DC7E5EF77}.Debug|Any CPU.Build.0 = Debug|Any CPU
		{F13C0BB1-C4B4-4761-8759-814DC7E5EF77}.Release|Any CPU.ActiveCfg = Release|Any CPU
		{F13C0BB1-C4B4-4761-8759-814DC7E5EF77}.Release|Any CPU.Build.0 = Release|Any CPU
	EndGlobalSection
	GlobalSection(SolutionProperties) = preSolution
		HideSolutionNode = FALSE
	EndGlobalSection
	GlobalSection(ExtensibilityGlobals) = postSolution
		SolutionGuid = {58F43659-8F33-4550-AB30-A33D30B79ACA}
	EndGlobalSection
EndGlobal
